
Microsoft Visual Studio Solution File, Format Version 12.00
# Visual Studio 14
VisualStudioVersion = 14.0.25420.1
MinimumVisualStudioVersion = 10.0.40219.1
Project("{FAE04EC0-301F-11D3-BF4B-00C04F79EFBC}") = "Abstractions", "ED2\Abstractions\Abstractions\Abstractions.csproj", "{34CD3102-0946-4580-9E55-C28C60441FF4}"
EndProject
Project("{FAE04EC0-301F-11D3-BF4B-00C04F79EFBC}") = "DataObjects", "ED2\DataObjects\DataObjects\DataObjects.csproj", "{84F2211D-E47C-449C-A86B-09D7BBD75849}"
EndProject
Project("{FAE04EC0-301F-11D3-BF4B-00C04F79EFBC}") = "ED2GenCore", "ED2\EDCORE\ED2GenCore.csproj", "{3058DDB7-7C21-4DE3-85A1-DDFE9CF84EC7}"
EndProject
Project("{FAE04EC0-301F-11D3-BF4B-00C04F79EFBC}") = "SQLiteStores", "ED2\SQLite\SQLite\SQLiteStores.csproj", "{531DF1E8-6101-47EF-961E-450C8448A5CE}"
EndProject
Project("{FAE04EC0-301F-11D3-BF4B-00C04F79EFBC}") = "Utils", "ED2\Utils\Utils\Utils.csproj", "{05A3FCD3-B6BE-4003-B69E-7711B10033C7}"
EndProject
Project("{FAE04EC0-301F-11D3-BF4B-00C04F79EFBC}") = "WT.ED2.UWP", "ED2\UWPClient\WT.ED2.UWP.csproj", "{0C23A5DF-4369-4BA5-BA0B-E5687A06E9F0}"
EndProject
Project("{FAE04EC0-301F-11D3-BF4B-00C04F79EFBC}") = "TestBed", "TestBed\TestBed.csproj", "{97763CD1-A810-4970-8041-40EF059E4E80}"
EndProject
Project("{2150E333-8FDC-42A3-9474-1A3956D46DE8}") = "External Libs", "External Libs", "{81B9DDCA-DD70-4D35-8180-8F3645674EB8}"
EndProject
Project("{FAE04EC0-301F-11D3-BF4B-00C04F79EFBC}") = "SQLiteNetExtensions-PCL", "ED2\SQLiteNetExtensions\SQLiteNetExtensions-PCL.csproj", "{F723017D-EDE5-49CC-A84F-881C067C6004}"
EndProject
Project("{FAE04EC0-301F-11D3-BF4B-00C04F79EFBC}") = "SQLiteNetExtensionsAsync-PCL", "ED2\SQLiteNetExtensionsAsync-PCL\SQLiteNetExtensionsAsync-PCL.csproj", "{F206CA90-929F-4C1B-888A-5FAF6EE67D3C}"
EndProject
Project("{2150E333-8FDC-42A3-9474-1A3956D46DE8}") = "Apps", "Apps", "{AB5FC8C5-8BFF-42D4-B1A6-E0EACD98BACC}"
EndProject
Project("{FAE04EC0-301F-11D3-BF4B-00C04F79EFBC}") = "ED2XamCore", "Xamarin\Xamarin\ED2XamCore.csproj", "{88B67EA1-D3BF-49C6-B040-B7C84D22F6AB}"
EndProject
Project("{FAE04EC0-301F-11D3-BF4B-00C04F79EFBC}") = "WT.ED2.Droid", "Xamarin\Xamarin.Droid\WT.ED2.Droid.csproj", "{356F9318-0EA8-4070-8EB5-8089212AFFDB}"
EndProject
Project("{FAE04EC0-301F-11D3-BF4B-00C04F79EFBC}") = "WT.ED2.iOS", "Xamarin\Xamarin.iOS\WT.ED2.iOS.csproj", "{D8345E28-D19A-45E8-8FD8-18DDB7881DCF}"
EndProject
Project("{2150E333-8FDC-42A3-9474-1A3956D46DE8}") = "Test", "Test", "{07C954A4-9BAE-4A98-9F55-792C2C6C26C2}"
EndProject
Global
	GlobalSection(SolutionConfigurationPlatforms) = preSolution
		Ad-Hoc|Any CPU = Ad-Hoc|Any CPU
		Ad-Hoc|ARM = Ad-Hoc|ARM
		Ad-Hoc|iPhone = Ad-Hoc|iPhone
		Ad-Hoc|iPhoneSimulator = Ad-Hoc|iPhoneSimulator
		Ad-Hoc|x64 = Ad-Hoc|x64
		Ad-Hoc|x86 = Ad-Hoc|x86
		AppStore|Any CPU = AppStore|Any CPU
		AppStore|ARM = AppStore|ARM
		AppStore|iPhone = AppStore|iPhone
		AppStore|iPhoneSimulator = AppStore|iPhoneSimulator
		AppStore|x64 = AppStore|x64
		AppStore|x86 = AppStore|x86
		Debug|Any CPU = Debug|Any CPU
		Debug|ARM = Debug|ARM
		Debug|iPhone = Debug|iPhone
		Debug|iPhoneSimulator = Debug|iPhoneSimulator
		Debug|x64 = Debug|x64
		Debug|x86 = Debug|x86
		Release|Any CPU = Release|Any CPU
		Release|ARM = Release|ARM
		Release|iPhone = Release|iPhone
		Release|iPhoneSimulator = Release|iPhoneSimulator
		Release|x64 = Release|x64
		Release|x86 = Release|x86
	EndGlobalSection
	GlobalSection(ProjectConfigurationPlatforms) = postSolution
		{34CD3102-0946-4580-9E55-C28C60441FF4}.Ad-Hoc|Any CPU.ActiveCfg = Release|Any CPU
		{34CD3102-0946-4580-9E55-C28C60441FF4}.Ad-Hoc|Any CPU.Build.0 = Release|Any CPU
		{34CD3102-0946-4580-9E55-C28C60441FF4}.Ad-Hoc|ARM.ActiveCfg = Release|Any CPU
		{34CD3102-0946-4580-9E55-C28C60441FF4}.Ad-Hoc|ARM.Build.0 = Release|Any CPU
		{34CD3102-0946-4580-9E55-C28C60441FF4}.Ad-Hoc|iPhone.ActiveCfg = Release|Any CPU
		{34CD3102-0946-4580-9E55-C28C60441FF4}.Ad-Hoc|iPhone.Build.0 = Release|Any CPU
		{34CD3102-0946-4580-9E55-C28C60441FF4}.Ad-Hoc|iPhoneSimulator.ActiveCfg = Release|Any CPU
		{34CD3102-0946-4580-9E55-C28C60441FF4}.Ad-Hoc|iPhoneSimulator.Build.0 = Release|Any CPU
		{34CD3102-0946-4580-9E55-C28C60441FF4}.Ad-Hoc|x64.ActiveCfg = Release|Any CPU
		{34CD3102-0946-4580-9E55-C28C60441FF4}.Ad-Hoc|x64.Build.0 = Release|Any CPU
		{34CD3102-0946-4580-9E55-C28C60441FF4}.Ad-Hoc|x86.ActiveCfg = Release|Any CPU
		{34CD3102-0946-4580-9E55-C28C60441FF4}.Ad-Hoc|x86.Build.0 = Release|Any CPU
		{34CD3102-0946-4580-9E55-C28C60441FF4}.AppStore|Any CPU.ActiveCfg = Release|Any CPU
		{34CD3102-0946-4580-9E55-C28C60441FF4}.AppStore|Any CPU.Build.0 = Release|Any CPU
		{34CD3102-0946-4580-9E55-C28C60441FF4}.AppStore|ARM.ActiveCfg = Release|Any CPU
		{34CD3102-0946-4580-9E55-C28C60441FF4}.AppStore|ARM.Build.0 = Release|Any CPU
		{34CD3102-0946-4580-9E55-C28C60441FF4}.AppStore|iPhone.ActiveCfg = Release|Any CPU
		{34CD3102-0946-4580-9E55-C28C60441FF4}.AppStore|iPhone.Build.0 = Release|Any CPU
		{34CD3102-0946-4580-9E55-C28C60441FF4}.AppStore|iPhoneSimulator.ActiveCfg = Release|Any CPU
		{34CD3102-0946-4580-9E55-C28C60441FF4}.AppStore|iPhoneSimulator.Build.0 = Release|Any CPU
		{34CD3102-0946-4580-9E55-C28C60441FF4}.AppStore|x64.ActiveCfg = Release|Any CPU
		{34CD3102-0946-4580-9E55-C28C60441FF4}.AppStore|x64.Build.0 = Release|Any CPU
		{34CD3102-0946-4580-9E55-C28C60441FF4}.AppStore|x86.ActiveCfg = Release|Any CPU
		{34CD3102-0946-4580-9E55-C28C60441FF4}.AppStore|x86.Build.0 = Release|Any CPU
		{34CD3102-0946-4580-9E55-C28C60441FF4}.Debug|Any CPU.ActiveCfg = Debug|Any CPU
		{34CD3102-0946-4580-9E55-C28C60441FF4}.Debug|Any CPU.Build.0 = Debug|Any CPU
		{34CD3102-0946-4580-9E55-C28C60441FF4}.Debug|ARM.ActiveCfg = Debug|Any CPU
		{34CD3102-0946-4580-9E55-C28C60441FF4}.Debug|ARM.Build.0 = Debug|Any CPU
		{34CD3102-0946-4580-9E55-C28C60441FF4}.Debug|iPhone.ActiveCfg = Debug|Any CPU
		{34CD3102-0946-4580-9E55-C28C60441FF4}.Debug|iPhone.Build.0 = Debug|Any CPU
		{34CD3102-0946-4580-9E55-C28C60441FF4}.Debug|iPhoneSimulator.ActiveCfg = Debug|Any CPU
		{34CD3102-0946-4580-9E55-C28C60441FF4}.Debug|iPhoneSimulator.Build.0 = Debug|Any CPU
		{34CD3102-0946-4580-9E55-C28C60441FF4}.Debug|x64.ActiveCfg = Debug|Any CPU
		{34CD3102-0946-4580-9E55-C28C60441FF4}.Debug|x64.Build.0 = Debug|Any CPU
		{34CD3102-0946-4580-9E55-C28C60441FF4}.Debug|x86.ActiveCfg = Debug|Any CPU
		{34CD3102-0946-4580-9E55-C28C60441FF4}.Debug|x86.Build.0 = Debug|Any CPU
		{34CD3102-0946-4580-9E55-C28C60441FF4}.Release|Any CPU.ActiveCfg = Release|Any CPU
		{34CD3102-0946-4580-9E55-C28C60441FF4}.Release|Any CPU.Build.0 = Release|Any CPU
		{34CD3102-0946-4580-9E55-C28C60441FF4}.Release|ARM.ActiveCfg = Release|Any CPU
		{34CD3102-0946-4580-9E55-C28C60441FF4}.Release|ARM.Build.0 = Release|Any CPU
		{34CD3102-0946-4580-9E55-C28C60441FF4}.Release|iPhone.ActiveCfg = Release|Any CPU
		{34CD3102-0946-4580-9E55-C28C60441FF4}.Release|iPhone.Build.0 = Release|Any CPU
		{34CD3102-0946-4580-9E55-C28C60441FF4}.Release|iPhoneSimulator.ActiveCfg = Release|Any CPU
		{34CD3102-0946-4580-9E55-C28C60441FF4}.Release|iPhoneSimulator.Build.0 = Release|Any CPU
		{34CD3102-0946-4580-9E55-C28C60441FF4}.Release|x64.ActiveCfg = Release|Any CPU
		{34CD3102-0946-4580-9E55-C28C60441FF4}.Release|x64.Build.0 = Release|Any CPU
		{34CD3102-0946-4580-9E55-C28C60441FF4}.Release|x86.ActiveCfg = Release|Any CPU
		{34CD3102-0946-4580-9E55-C28C60441FF4}.Release|x86.Build.0 = Release|Any CPU
		{84F2211D-E47C-449C-A86B-09D7BBD75849}.Ad-Hoc|Any CPU.ActiveCfg = Release|Any CPU
		{84F2211D-E47C-449C-A86B-09D7BBD75849}.Ad-Hoc|Any CPU.Build.0 = Release|Any CPU
		{84F2211D-E47C-449C-A86B-09D7BBD75849}.Ad-Hoc|ARM.ActiveCfg = Release|Any CPU
		{84F2211D-E47C-449C-A86B-09D7BBD75849}.Ad-Hoc|ARM.Build.0 = Release|Any CPU
		{84F2211D-E47C-449C-A86B-09D7BBD75849}.Ad-Hoc|iPhone.ActiveCfg = Release|Any CPU
		{84F2211D-E47C-449C-A86B-09D7BBD75849}.Ad-Hoc|iPhone.Build.0 = Release|Any CPU
		{84F2211D-E47C-449C-A86B-09D7BBD75849}.Ad-Hoc|iPhoneSimulator.ActiveCfg = Release|Any CPU
		{84F2211D-E47C-449C-A86B-09D7BBD75849}.Ad-Hoc|iPhoneSimulator.Build.0 = Release|Any CPU
		{84F2211D-E47C-449C-A86B-09D7BBD75849}.Ad-Hoc|x64.ActiveCfg = Release|Any CPU
		{84F2211D-E47C-449C-A86B-09D7BBD75849}.Ad-Hoc|x64.Build.0 = Release|Any CPU
		{84F2211D-E47C-449C-A86B-09D7BBD75849}.Ad-Hoc|x86.ActiveCfg = Release|Any CPU
		{84F2211D-E47C-449C-A86B-09D7BBD75849}.Ad-Hoc|x86.Build.0 = Release|Any CPU
		{84F2211D-E47C-449C-A86B-09D7BBD75849}.AppStore|Any CPU.ActiveCfg = Release|Any CPU
		{84F2211D-E47C-449C-A86B-09D7BBD75849}.AppStore|Any CPU.Build.0 = Release|Any CPU
		{84F2211D-E47C-449C-A86B-09D7BBD75849}.AppStore|ARM.ActiveCfg = Release|Any CPU
		{84F2211D-E47C-449C-A86B-09D7BBD75849}.AppStore|ARM.Build.0 = Release|Any CPU
		{84F2211D-E47C-449C-A86B-09D7BBD75849}.AppStore|iPhone.ActiveCfg = Release|Any CPU
		{84F2211D-E47C-449C-A86B-09D7BBD75849}.AppStore|iPhone.Build.0 = Release|Any CPU
		{84F2211D-E47C-449C-A86B-09D7BBD75849}.AppStore|iPhoneSimulator.ActiveCfg = Release|Any CPU
		{84F2211D-E47C-449C-A86B-09D7BBD75849}.AppStore|iPhoneSimulator.Build.0 = Release|Any CPU
		{84F2211D-E47C-449C-A86B-09D7BBD75849}.AppStore|x64.ActiveCfg = Release|Any CPU
		{84F2211D-E47C-449C-A86B-09D7BBD75849}.AppStore|x64.Build.0 = Release|Any CPU
		{84F2211D-E47C-449C-A86B-09D7BBD75849}.AppStore|x86.ActiveCfg = Release|Any CPU
		{84F2211D-E47C-449C-A86B-09D7BBD75849}.AppStore|x86.Build.0 = Release|Any CPU
		{84F2211D-E47C-449C-A86B-09D7BBD75849}.Debug|Any CPU.ActiveCfg = Debug|Any CPU
		{84F2211D-E47C-449C-A86B-09D7BBD75849}.Debug|Any CPU.Build.0 = Debug|Any CPU
		{84F2211D-E47C-449C-A86B-09D7BBD75849}.Debug|ARM.ActiveCfg = Debug|Any CPU
		{84F2211D-E47C-449C-A86B-09D7BBD75849}.Debug|ARM.Build.0 = Debug|Any CPU
		{84F2211D-E47C-449C-A86B-09D7BBD75849}.Debug|iPhone.ActiveCfg = Debug|Any CPU
		{84F2211D-E47C-449C-A86B-09D7BBD75849}.Debug|iPhone.Build.0 = Debug|Any CPU
		{84F2211D-E47C-449C-A86B-09D7BBD75849}.Debug|iPhoneSimulator.ActiveCfg = Debug|Any CPU
		{84F2211D-E47C-449C-A86B-09D7BBD75849}.Debug|iPhoneSimulator.Build.0 = Debug|Any CPU
		{84F2211D-E47C-449C-A86B-09D7BBD75849}.Debug|x64.ActiveCfg = Debug|Any CPU
		{84F2211D-E47C-449C-A86B-09D7BBD75849}.Debug|x64.Build.0 = Debug|Any CPU
		{84F2211D-E47C-449C-A86B-09D7BBD75849}.Debug|x86.ActiveCfg = Debug|Any CPU
		{84F2211D-E47C-449C-A86B-09D7BBD75849}.Debug|x86.Build.0 = Debug|Any CPU
		{84F2211D-E47C-449C-A86B-09D7BBD75849}.Release|Any CPU.ActiveCfg = Release|Any CPU
		{84F2211D-E47C-449C-A86B-09D7BBD75849}.Release|Any CPU.Build.0 = Release|Any CPU
		{84F2211D-E47C-449C-A86B-09D7BBD75849}.Release|ARM.ActiveCfg = Release|Any CPU
		{84F2211D-E47C-449C-A86B-09D7BBD75849}.Release|ARM.Build.0 = Release|Any CPU
		{84F2211D-E47C-449C-A86B-09D7BBD75849}.Release|iPhone.ActiveCfg = Release|Any CPU
		{84F2211D-E47C-449C-A86B-09D7BBD75849}.Release|iPhone.Build.0 = Release|Any CPU
		{84F2211D-E47C-449C-A86B-09D7BBD75849}.Release|iPhoneSimulator.ActiveCfg = Release|Any CPU
		{84F2211D-E47C-449C-A86B-09D7BBD75849}.Release|iPhoneSimulator.Build.0 = Release|Any CPU
		{84F2211D-E47C-449C-A86B-09D7BBD75849}.Release|x64.ActiveCfg = Release|Any CPU
		{84F2211D-E47C-449C-A86B-09D7BBD75849}.Release|x64.Build.0 = Release|Any CPU
		{84F2211D-E47C-449C-A86B-09D7BBD75849}.Release|x86.ActiveCfg = Release|Any CPU
		{84F2211D-E47C-449C-A86B-09D7BBD75849}.Release|x86.Build.0 = Release|Any CPU
		{3058DDB7-7C21-4DE3-85A1-DDFE9CF84EC7}.Ad-Hoc|Any CPU.ActiveCfg = Release|Any CPU
		{3058DDB7-7C21-4DE3-85A1-DDFE9CF84EC7}.Ad-Hoc|Any CPU.Build.0 = Release|Any CPU
		{3058DDB7-7C21-4DE3-85A1-DDFE9CF84EC7}.Ad-Hoc|ARM.ActiveCfg = Release|Any CPU
		{3058DDB7-7C21-4DE3-85A1-DDFE9CF84EC7}.Ad-Hoc|ARM.Build.0 = Release|Any CPU
		{3058DDB7-7C21-4DE3-85A1-DDFE9CF84EC7}.Ad-Hoc|iPhone.ActiveCfg = Release|Any CPU
		{3058DDB7-7C21-4DE3-85A1-DDFE9CF84EC7}.Ad-Hoc|iPhone.Build.0 = Release|Any CPU
		{3058DDB7-7C21-4DE3-85A1-DDFE9CF84EC7}.Ad-Hoc|iPhoneSimulator.ActiveCfg = Release|Any CPU
		{3058DDB7-7C21-4DE3-85A1-DDFE9CF84EC7}.Ad-Hoc|iPhoneSimulator.Build.0 = Release|Any CPU
		{3058DDB7-7C21-4DE3-85A1-DDFE9CF84EC7}.Ad-Hoc|x64.ActiveCfg = Release|Any CPU
		{3058DDB7-7C21-4DE3-85A1-DDFE9CF84EC7}.Ad-Hoc|x64.Build.0 = Release|Any CPU
		{3058DDB7-7C21-4DE3-85A1-DDFE9CF84EC7}.Ad-Hoc|x86.ActiveCfg = Release|Any CPU
		{3058DDB7-7C21-4DE3-85A1-DDFE9CF84EC7}.Ad-Hoc|x86.Build.0 = Release|Any CPU
		{3058DDB7-7C21-4DE3-85A1-DDFE9CF84EC7}.AppStore|Any CPU.ActiveCfg = Release|Any CPU
		{3058DDB7-7C21-4DE3-85A1-DDFE9CF84EC7}.AppStore|Any CPU.Build.0 = Release|Any CPU
		{3058DDB7-7C21-4DE3-85A1-DDFE9CF84EC7}.AppStore|ARM.ActiveCfg = Release|Any CPU
		{3058DDB7-7C21-4DE3-85A1-DDFE9CF84EC7}.AppStore|ARM.Build.0 = Release|Any CPU
		{3058DDB7-7C21-4DE3-85A1-DDFE9CF84EC7}.AppStore|iPhone.ActiveCfg = Release|Any CPU
		{3058DDB7-7C21-4DE3-85A1-DDFE9CF84EC7}.AppStore|iPhone.Build.0 = Release|Any CPU
		{3058DDB7-7C21-4DE3-85A1-DDFE9CF84EC7}.AppStore|iPhoneSimulator.ActiveCfg = Release|Any CPU
		{3058DDB7-7C21-4DE3-85A1-DDFE9CF84EC7}.AppStore|iPhoneSimulator.Build.0 = Release|Any CPU
		{3058DDB7-7C21-4DE3-85A1-DDFE9CF84EC7}.AppStore|x64.ActiveCfg = Release|Any CPU
		{3058DDB7-7C21-4DE3-85A1-DDFE9CF84EC7}.AppStore|x64.Build.0 = Release|Any CPU
		{3058DDB7-7C21-4DE3-85A1-DDFE9CF84EC7}.AppStore|x86.ActiveCfg = Release|Any CPU
		{3058DDB7-7C21-4DE3-85A1-DDFE9CF84EC7}.AppStore|x86.Build.0 = Release|Any CPU
		{3058DDB7-7C21-4DE3-85A1-DDFE9CF84EC7}.Debug|Any CPU.ActiveCfg = Debug|Any CPU
		{3058DDB7-7C21-4DE3-85A1-DDFE9CF84EC7}.Debug|Any CPU.Build.0 = Debug|Any CPU
		{3058DDB7-7C21-4DE3-85A1-DDFE9CF84EC7}.Debug|ARM.ActiveCfg = Debug|Any CPU
		{3058DDB7-7C21-4DE3-85A1-DDFE9CF84EC7}.Debug|ARM.Build.0 = Debug|Any CPU
		{3058DDB7-7C21-4DE3-85A1-DDFE9CF84EC7}.Debug|iPhone.ActiveCfg = Debug|Any CPU
		{3058DDB7-7C21-4DE3-85A1-DDFE9CF84EC7}.Debug|iPhone.Build.0 = Debug|Any CPU
		{3058DDB7-7C21-4DE3-85A1-DDFE9CF84EC7}.Debug|iPhoneSimulator.ActiveCfg = Debug|Any CPU
		{3058DDB7-7C21-4DE3-85A1-DDFE9CF84EC7}.Debug|iPhoneSimulator.Build.0 = Debug|Any CPU
		{3058DDB7-7C21-4DE3-85A1-DDFE9CF84EC7}.Debug|x64.ActiveCfg = Debug|Any CPU
		{3058DDB7-7C21-4DE3-85A1-DDFE9CF84EC7}.Debug|x64.Build.0 = Debug|Any CPU
		{3058DDB7-7C21-4DE3-85A1-DDFE9CF84EC7}.Debug|x86.ActiveCfg = Debug|Any CPU
		{3058DDB7-7C21-4DE3-85A1-DDFE9CF84EC7}.Debug|x86.Build.0 = Debug|Any CPU
		{3058DDB7-7C21-4DE3-85A1-DDFE9CF84EC7}.Release|Any CPU.ActiveCfg = Release|Any CPU
		{3058DDB7-7C21-4DE3-85A1-DDFE9CF84EC7}.Release|Any CPU.Build.0 = Release|Any CPU
		{3058DDB7-7C21-4DE3-85A1-DDFE9CF84EC7}.Release|ARM.ActiveCfg = Release|Any CPU
		{3058DDB7-7C21-4DE3-85A1-DDFE9CF84EC7}.Release|ARM.Build.0 = Release|Any CPU
		{3058DDB7-7C21-4DE3-85A1-DDFE9CF84EC7}.Release|iPhone.ActiveCfg = Release|Any CPU
		{3058DDB7-7C21-4DE3-85A1-DDFE9CF84EC7}.Release|iPhone.Build.0 = Release|Any CPU
		{3058DDB7-7C21-4DE3-85A1-DDFE9CF84EC7}.Release|iPhoneSimulator.ActiveCfg = Release|Any CPU
		{3058DDB7-7C21-4DE3-85A1-DDFE9CF84EC7}.Release|iPhoneSimulator.Build.0 = Release|Any CPU
		{3058DDB7-7C21-4DE3-85A1-DDFE9CF84EC7}.Release|x64.ActiveCfg = Release|Any CPU
		{3058DDB7-7C21-4DE3-85A1-DDFE9CF84EC7}.Release|x64.Build.0 = Release|Any CPU
		{3058DDB7-7C21-4DE3-85A1-DDFE9CF84EC7}.Release|x86.ActiveCfg = Release|Any CPU
		{3058DDB7-7C21-4DE3-85A1-DDFE9CF84EC7}.Release|x86.Build.0 = Release|Any CPU
		{531DF1E8-6101-47EF-961E-450C8448A5CE}.Ad-Hoc|Any CPU.ActiveCfg = Release|Any CPU
		{531DF1E8-6101-47EF-961E-450C8448A5CE}.Ad-Hoc|Any CPU.Build.0 = Release|Any CPU
		{531DF1E8-6101-47EF-961E-450C8448A5CE}.Ad-Hoc|ARM.ActiveCfg = Release|Any CPU
		{531DF1E8-6101-47EF-961E-450C8448A5CE}.Ad-Hoc|ARM.Build.0 = Release|Any CPU
		{531DF1E8-6101-47EF-961E-450C8448A5CE}.Ad-Hoc|iPhone.ActiveCfg = Release|Any CPU
		{531DF1E8-6101-47EF-961E-450C8448A5CE}.Ad-Hoc|iPhone.Build.0 = Release|Any CPU
		{531DF1E8-6101-47EF-961E-450C8448A5CE}.Ad-Hoc|iPhoneSimulator.ActiveCfg = Release|Any CPU
		{531DF1E8-6101-47EF-961E-450C8448A5CE}.Ad-Hoc|iPhoneSimulator.Build.0 = Release|Any CPU
		{531DF1E8-6101-47EF-961E-450C8448A5CE}.Ad-Hoc|x64.ActiveCfg = Release|Any CPU
		{531DF1E8-6101-47EF-961E-450C8448A5CE}.Ad-Hoc|x64.Build.0 = Release|Any CPU
		{531DF1E8-6101-47EF-961E-450C8448A5CE}.Ad-Hoc|x86.ActiveCfg = Release|Any CPU
		{531DF1E8-6101-47EF-961E-450C8448A5CE}.Ad-Hoc|x86.Build.0 = Release|Any CPU
		{531DF1E8-6101-47EF-961E-450C8448A5CE}.AppStore|Any CPU.ActiveCfg = Release|Any CPU
		{531DF1E8-6101-47EF-961E-450C8448A5CE}.AppStore|Any CPU.Build.0 = Release|Any CPU
		{531DF1E8-6101-47EF-961E-450C8448A5CE}.AppStore|ARM.ActiveCfg = Release|Any CPU
		{531DF1E8-6101-47EF-961E-450C8448A5CE}.AppStore|ARM.Build.0 = Release|Any CPU
		{531DF1E8-6101-47EF-961E-450C8448A5CE}.AppStore|iPhone.ActiveCfg = Release|Any CPU
		{531DF1E8-6101-47EF-961E-450C8448A5CE}.AppStore|iPhone.Build.0 = Release|Any CPU
		{531DF1E8-6101-47EF-961E-450C8448A5CE}.AppStore|iPhoneSimulator.ActiveCfg = Release|Any CPU
		{531DF1E8-6101-47EF-961E-450C8448A5CE}.AppStore|iPhoneSimulator.Build.0 = Release|Any CPU
		{531DF1E8-6101-47EF-961E-450C8448A5CE}.AppStore|x64.ActiveCfg = Release|Any CPU
		{531DF1E8-6101-47EF-961E-450C8448A5CE}.AppStore|x64.Build.0 = Release|Any CPU
		{531DF1E8-6101-47EF-961E-450C8448A5CE}.AppStore|x86.ActiveCfg = Release|Any CPU
		{531DF1E8-6101-47EF-961E-450C8448A5CE}.AppStore|x86.Build.0 = Release|Any CPU
		{531DF1E8-6101-47EF-961E-450C8448A5CE}.Debug|Any CPU.ActiveCfg = Debug|Any CPU
		{531DF1E8-6101-47EF-961E-450C8448A5CE}.Debug|Any CPU.Build.0 = Debug|Any CPU
		{531DF1E8-6101-47EF-961E-450C8448A5CE}.Debug|ARM.ActiveCfg = Debug|Any CPU
		{531DF1E8-6101-47EF-961E-450C8448A5CE}.Debug|ARM.Build.0 = Debug|Any CPU
		{531DF1E8-6101-47EF-961E-450C8448A5CE}.Debug|iPhone.ActiveCfg = Debug|Any CPU
		{531DF1E8-6101-47EF-961E-450C8448A5CE}.Debug|iPhone.Build.0 = Debug|Any CPU
		{531DF1E8-6101-47EF-961E-450C8448A5CE}.Debug|iPhoneSimulator.ActiveCfg = Debug|Any CPU
		{531DF1E8-6101-47EF-961E-450C8448A5CE}.Debug|iPhoneSimulator.Build.0 = Debug|Any CPU
		{531DF1E8-6101-47EF-961E-450C8448A5CE}.Debug|x64.ActiveCfg = Debug|Any CPU
		{531DF1E8-6101-47EF-961E-450C8448A5CE}.Debug|x64.Build.0 = Debug|Any CPU
		{531DF1E8-6101-47EF-961E-450C8448A5CE}.Debug|x86.ActiveCfg = Debug|Any CPU
		{531DF1E8-6101-47EF-961E-450C8448A5CE}.Debug|x86.Build.0 = Debug|Any CPU
		{531DF1E8-6101-47EF-961E-450C8448A5CE}.Release|Any CPU.ActiveCfg = Release|Any CPU
		{531DF1E8-6101-47EF-961E-450C8448A5CE}.Release|Any CPU.Build.0 = Release|Any CPU
		{531DF1E8-6101-47EF-961E-450C8448A5CE}.Release|ARM.ActiveCfg = Release|Any CPU
		{531DF1E8-6101-47EF-961E-450C8448A5CE}.Release|ARM.Build.0 = Release|Any CPU
		{531DF1E8-6101-47EF-961E-450C8448A5CE}.Release|iPhone.ActiveCfg = Release|Any CPU
		{531DF1E8-6101-47EF-961E-450C8448A5CE}.Release|iPhone.Build.0 = Release|Any CPU
		{531DF1E8-6101-47EF-961E-450C8448A5CE}.Release|iPhoneSimulator.ActiveCfg = Release|Any CPU
		{531DF1E8-6101-47EF-961E-450C8448A5CE}.Release|iPhoneSimulator.Build.0 = Release|Any CPU
		{531DF1E8-6101-47EF-961E-450C8448A5CE}.Release|x64.ActiveCfg = Release|Any CPU
		{531DF1E8-6101-47EF-961E-450C8448A5CE}.Release|x64.Build.0 = Release|Any CPU
		{531DF1E8-6101-47EF-961E-450C8448A5CE}.Release|x86.ActiveCfg = Release|Any CPU
		{531DF1E8-6101-47EF-961E-450C8448A5CE}.Release|x86.Build.0 = Release|Any CPU
		{05A3FCD3-B6BE-4003-B69E-7711B10033C7}.Ad-Hoc|Any CPU.ActiveCfg = Release|Any CPU
		{05A3FCD3-B6BE-4003-B69E-7711B10033C7}.Ad-Hoc|Any CPU.Build.0 = Release|Any CPU
		{05A3FCD3-B6BE-4003-B69E-7711B10033C7}.Ad-Hoc|ARM.ActiveCfg = Release|Any CPU
		{05A3FCD3-B6BE-4003-B69E-7711B10033C7}.Ad-Hoc|ARM.Build.0 = Release|Any CPU
		{05A3FCD3-B6BE-4003-B69E-7711B10033C7}.Ad-Hoc|iPhone.ActiveCfg = Release|Any CPU
		{05A3FCD3-B6BE-4003-B69E-7711B10033C7}.Ad-Hoc|iPhone.Build.0 = Release|Any CPU
		{05A3FCD3-B6BE-4003-B69E-7711B10033C7}.Ad-Hoc|iPhoneSimulator.ActiveCfg = Release|Any CPU
		{05A3FCD3-B6BE-4003-B69E-7711B10033C7}.Ad-Hoc|iPhoneSimulator.Build.0 = Release|Any CPU
		{05A3FCD3-B6BE-4003-B69E-7711B10033C7}.Ad-Hoc|x64.ActiveCfg = Release|Any CPU
		{05A3FCD3-B6BE-4003-B69E-7711B10033C7}.Ad-Hoc|x64.Build.0 = Release|Any CPU
		{05A3FCD3-B6BE-4003-B69E-7711B10033C7}.Ad-Hoc|x86.ActiveCfg = Release|Any CPU
		{05A3FCD3-B6BE-4003-B69E-7711B10033C7}.Ad-Hoc|x86.Build.0 = Release|Any CPU
		{05A3FCD3-B6BE-4003-B69E-7711B10033C7}.AppStore|Any CPU.ActiveCfg = Release|Any CPU
		{05A3FCD3-B6BE-4003-B69E-7711B10033C7}.AppStore|Any CPU.Build.0 = Release|Any CPU
		{05A3FCD3-B6BE-4003-B69E-7711B10033C7}.AppStore|ARM.ActiveCfg = Release|Any CPU
		{05A3FCD3-B6BE-4003-B69E-7711B10033C7}.AppStore|ARM.Build.0 = Release|Any CPU
		{05A3FCD3-B6BE-4003-B69E-7711B10033C7}.AppStore|iPhone.ActiveCfg = Release|Any CPU
		{05A3FCD3-B6BE-4003-B69E-7711B10033C7}.AppStore|iPhone.Build.0 = Release|Any CPU
		{05A3FCD3-B6BE-4003-B69E-7711B10033C7}.AppStore|iPhoneSimulator.ActiveCfg = Release|Any CPU
		{05A3FCD3-B6BE-4003-B69E-7711B10033C7}.AppStore|iPhoneSimulator.Build.0 = Release|Any CPU
		{05A3FCD3-B6BE-4003-B69E-7711B10033C7}.AppStore|x64.ActiveCfg = Release|Any CPU
		{05A3FCD3-B6BE-4003-B69E-7711B10033C7}.AppStore|x64.Build.0 = Release|Any CPU
		{05A3FCD3-B6BE-4003-B69E-7711B10033C7}.AppStore|x86.ActiveCfg = Release|Any CPU
		{05A3FCD3-B6BE-4003-B69E-7711B10033C7}.AppStore|x86.Build.0 = Release|Any CPU
		{05A3FCD3-B6BE-4003-B69E-7711B10033C7}.Debug|Any CPU.ActiveCfg = Debug|Any CPU
		{05A3FCD3-B6BE-4003-B69E-7711B10033C7}.Debug|Any CPU.Build.0 = Debug|Any CPU
		{05A3FCD3-B6BE-4003-B69E-7711B10033C7}.Debug|ARM.ActiveCfg = Debug|Any CPU
		{05A3FCD3-B6BE-4003-B69E-7711B10033C7}.Debug|ARM.Build.0 = Debug|Any CPU
		{05A3FCD3-B6BE-4003-B69E-7711B10033C7}.Debug|iPhone.ActiveCfg = Debug|Any CPU
		{05A3FCD3-B6BE-4003-B69E-7711B10033C7}.Debug|iPhone.Build.0 = Debug|Any CPU
		{05A3FCD3-B6BE-4003-B69E-7711B10033C7}.Debug|iPhoneSimulator.ActiveCfg = Debug|Any CPU
		{05A3FCD3-B6BE-4003-B69E-7711B10033C7}.Debug|iPhoneSimulator.Build.0 = Debug|Any CPU
		{05A3FCD3-B6BE-4003-B69E-7711B10033C7}.Debug|x64.ActiveCfg = Debug|Any CPU
		{05A3FCD3-B6BE-4003-B69E-7711B10033C7}.Debug|x64.Build.0 = Debug|Any CPU
		{05A3FCD3-B6BE-4003-B69E-7711B10033C7}.Debug|x86.ActiveCfg = Debug|Any CPU
		{05A3FCD3-B6BE-4003-B69E-7711B10033C7}.Debug|x86.Build.0 = Debug|Any CPU
		{05A3FCD3-B6BE-4003-B69E-7711B10033C7}.Release|Any CPU.ActiveCfg = Release|Any CPU
		{05A3FCD3-B6BE-4003-B69E-7711B10033C7}.Release|Any CPU.Build.0 = Release|Any CPU
		{05A3FCD3-B6BE-4003-B69E-7711B10033C7}.Release|ARM.ActiveCfg = Release|Any CPU
		{05A3FCD3-B6BE-4003-B69E-7711B10033C7}.Release|ARM.Build.0 = Release|Any CPU
		{05A3FCD3-B6BE-4003-B69E-7711B10033C7}.Release|iPhone.ActiveCfg = Release|Any CPU
		{05A3FCD3-B6BE-4003-B69E-7711B10033C7}.Release|iPhone.Build.0 = Release|Any CPU
		{05A3FCD3-B6BE-4003-B69E-7711B10033C7}.Release|iPhoneSimulator.ActiveCfg = Release|Any CPU
		{05A3FCD3-B6BE-4003-B69E-7711B10033C7}.Release|iPhoneSimulator.Build.0 = Release|Any CPU
		{05A3FCD3-B6BE-4003-B69E-7711B10033C7}.Release|x64.ActiveCfg = Release|Any CPU
		{05A3FCD3-B6BE-4003-B69E-7711B10033C7}.Release|x64.Build.0 = Release|Any CPU
		{05A3FCD3-B6BE-4003-B69E-7711B10033C7}.Release|x86.ActiveCfg = Release|Any CPU
		{05A3FCD3-B6BE-4003-B69E-7711B10033C7}.Release|x86.Build.0 = Release|Any CPU
		{0C23A5DF-4369-4BA5-BA0B-E5687A06E9F0}.Ad-Hoc|Any CPU.ActiveCfg = Release|x64
		{0C23A5DF-4369-4BA5-BA0B-E5687A06E9F0}.Ad-Hoc|Any CPU.Build.0 = Release|x64
		{0C23A5DF-4369-4BA5-BA0B-E5687A06E9F0}.Ad-Hoc|Any CPU.Deploy.0 = Release|x64
		{0C23A5DF-4369-4BA5-BA0B-E5687A06E9F0}.Ad-Hoc|ARM.ActiveCfg = Release|ARM
		{0C23A5DF-4369-4BA5-BA0B-E5687A06E9F0}.Ad-Hoc|ARM.Build.0 = Release|ARM
		{0C23A5DF-4369-4BA5-BA0B-E5687A06E9F0}.Ad-Hoc|ARM.Deploy.0 = Release|ARM
		{0C23A5DF-4369-4BA5-BA0B-E5687A06E9F0}.Ad-Hoc|iPhone.ActiveCfg = Release|x64
		{0C23A5DF-4369-4BA5-BA0B-E5687A06E9F0}.Ad-Hoc|iPhone.Build.0 = Release|x64
		{0C23A5DF-4369-4BA5-BA0B-E5687A06E9F0}.Ad-Hoc|iPhone.Deploy.0 = Release|x64
		{0C23A5DF-4369-4BA5-BA0B-E5687A06E9F0}.Ad-Hoc|iPhoneSimulator.ActiveCfg = Release|x64
		{0C23A5DF-4369-4BA5-BA0B-E5687A06E9F0}.Ad-Hoc|iPhoneSimulator.Build.0 = Release|x64
		{0C23A5DF-4369-4BA5-BA0B-E5687A06E9F0}.Ad-Hoc|iPhoneSimulator.Deploy.0 = Release|x64
		{0C23A5DF-4369-4BA5-BA0B-E5687A06E9F0}.Ad-Hoc|x64.ActiveCfg = Release|x64
		{0C23A5DF-4369-4BA5-BA0B-E5687A06E9F0}.Ad-Hoc|x64.Build.0 = Release|x64
		{0C23A5DF-4369-4BA5-BA0B-E5687A06E9F0}.Ad-Hoc|x64.Deploy.0 = Release|x64
		{0C23A5DF-4369-4BA5-BA0B-E5687A06E9F0}.Ad-Hoc|x86.ActiveCfg = Release|x86
		{0C23A5DF-4369-4BA5-BA0B-E5687A06E9F0}.Ad-Hoc|x86.Build.0 = Release|x86
		{0C23A5DF-4369-4BA5-BA0B-E5687A06E9F0}.Ad-Hoc|x86.Deploy.0 = Release|x86
		{0C23A5DF-4369-4BA5-BA0B-E5687A06E9F0}.AppStore|Any CPU.ActiveCfg = Release|x64
		{0C23A5DF-4369-4BA5-BA0B-E5687A06E9F0}.AppStore|Any CPU.Build.0 = Release|x64
		{0C23A5DF-4369-4BA5-BA0B-E5687A06E9F0}.AppStore|Any CPU.Deploy.0 = Release|x64
		{0C23A5DF-4369-4BA5-BA0B-E5687A06E9F0}.AppStore|ARM.ActiveCfg = Release|ARM
		{0C23A5DF-4369-4BA5-BA0B-E5687A06E9F0}.AppStore|ARM.Build.0 = Release|ARM
		{0C23A5DF-4369-4BA5-BA0B-E5687A06E9F0}.AppStore|ARM.Deploy.0 = Release|ARM
		{0C23A5DF-4369-4BA5-BA0B-E5687A06E9F0}.AppStore|iPhone.ActiveCfg = Release|x64
		{0C23A5DF-4369-4BA5-BA0B-E5687A06E9F0}.AppStore|iPhone.Build.0 = Release|x64
		{0C23A5DF-4369-4BA5-BA0B-E5687A06E9F0}.AppStore|iPhone.Deploy.0 = Release|x64
		{0C23A5DF-4369-4BA5-BA0B-E5687A06E9F0}.AppStore|iPhoneSimulator.ActiveCfg = Release|x64
		{0C23A5DF-4369-4BA5-BA0B-E5687A06E9F0}.AppStore|iPhoneSimulator.Build.0 = Release|x64
		{0C23A5DF-4369-4BA5-BA0B-E5687A06E9F0}.AppStore|iPhoneSimulator.Deploy.0 = Release|x64
		{0C23A5DF-4369-4BA5-BA0B-E5687A06E9F0}.AppStore|x64.ActiveCfg = Release|x64
		{0C23A5DF-4369-4BA5-BA0B-E5687A06E9F0}.AppStore|x64.Build.0 = Release|x64
		{0C23A5DF-4369-4BA5-BA0B-E5687A06E9F0}.AppStore|x64.Deploy.0 = Release|x64
		{0C23A5DF-4369-4BA5-BA0B-E5687A06E9F0}.AppStore|x86.ActiveCfg = Release|x86
		{0C23A5DF-4369-4BA5-BA0B-E5687A06E9F0}.AppStore|x86.Build.0 = Release|x86
		{0C23A5DF-4369-4BA5-BA0B-E5687A06E9F0}.AppStore|x86.Deploy.0 = Release|x86
		{0C23A5DF-4369-4BA5-BA0B-E5687A06E9F0}.Debug|Any CPU.ActiveCfg = Debug|x86
		{0C23A5DF-4369-4BA5-BA0B-E5687A06E9F0}.Debug|ARM.ActiveCfg = Debug|ARM
		{0C23A5DF-4369-4BA5-BA0B-E5687A06E9F0}.Debug|ARM.Build.0 = Debug|ARM
		{0C23A5DF-4369-4BA5-BA0B-E5687A06E9F0}.Debug|ARM.Deploy.0 = Debug|ARM
		{0C23A5DF-4369-4BA5-BA0B-E5687A06E9F0}.Debug|iPhone.ActiveCfg = Debug|x86
		{0C23A5DF-4369-4BA5-BA0B-E5687A06E9F0}.Debug|iPhoneSimulator.ActiveCfg = Debug|x86
		{0C23A5DF-4369-4BA5-BA0B-E5687A06E9F0}.Debug|x64.ActiveCfg = Debug|x64
		{0C23A5DF-4369-4BA5-BA0B-E5687A06E9F0}.Debug|x64.Build.0 = Debug|x64
		{0C23A5DF-4369-4BA5-BA0B-E5687A06E9F0}.Debug|x64.Deploy.0 = Debug|x64
		{0C23A5DF-4369-4BA5-BA0B-E5687A06E9F0}.Debug|x86.ActiveCfg = Debug|x86
		{0C23A5DF-4369-4BA5-BA0B-E5687A06E9F0}.Debug|x86.Build.0 = Debug|x86
		{0C23A5DF-4369-4BA5-BA0B-E5687A06E9F0}.Debug|x86.Deploy.0 = Debug|x86
		{0C23A5DF-4369-4BA5-BA0B-E5687A06E9F0}.Release|Any CPU.ActiveCfg = Release|x86
		{0C23A5DF-4369-4BA5-BA0B-E5687A06E9F0}.Release|ARM.ActiveCfg = Release|ARM
		{0C23A5DF-4369-4BA5-BA0B-E5687A06E9F0}.Release|ARM.Build.0 = Release|ARM
		{0C23A5DF-4369-4BA5-BA0B-E5687A06E9F0}.Release|ARM.Deploy.0 = Release|ARM
		{0C23A5DF-4369-4BA5-BA0B-E5687A06E9F0}.Release|iPhone.ActiveCfg = Release|x86
		{0C23A5DF-4369-4BA5-BA0B-E5687A06E9F0}.Release|iPhoneSimulator.ActiveCfg = Release|x86
		{0C23A5DF-4369-4BA5-BA0B-E5687A06E9F0}.Release|x64.ActiveCfg = Release|x64
		{0C23A5DF-4369-4BA5-BA0B-E5687A06E9F0}.Release|x64.Build.0 = Release|x64
		{0C23A5DF-4369-4BA5-BA0B-E5687A06E9F0}.Release|x64.Deploy.0 = Release|x64
		{0C23A5DF-4369-4BA5-BA0B-E5687A06E9F0}.Release|x86.ActiveCfg = Release|x86
		{0C23A5DF-4369-4BA5-BA0B-E5687A06E9F0}.Release|x86.Build.0 = Release|x86
		{0C23A5DF-4369-4BA5-BA0B-E5687A06E9F0}.Release|x86.Deploy.0 = Release|x86
		{97763CD1-A810-4970-8041-40EF059E4E80}.Ad-Hoc|Any CPU.ActiveCfg = Release|Any CPU
		{97763CD1-A810-4970-8041-40EF059E4E80}.Ad-Hoc|Any CPU.Build.0 = Release|Any CPU
		{97763CD1-A810-4970-8041-40EF059E4E80}.Ad-Hoc|ARM.ActiveCfg = Release|Any CPU
		{97763CD1-A810-4970-8041-40EF059E4E80}.Ad-Hoc|ARM.Build.0 = Release|Any CPU
		{97763CD1-A810-4970-8041-40EF059E4E80}.Ad-Hoc|iPhone.ActiveCfg = Release|Any CPU
		{97763CD1-A810-4970-8041-40EF059E4E80}.Ad-Hoc|iPhone.Build.0 = Release|Any CPU
		{97763CD1-A810-4970-8041-40EF059E4E80}.Ad-Hoc|iPhoneSimulator.ActiveCfg = Release|Any CPU
		{97763CD1-A810-4970-8041-40EF059E4E80}.Ad-Hoc|iPhoneSimulator.Build.0 = Release|Any CPU
		{97763CD1-A810-4970-8041-40EF059E4E80}.Ad-Hoc|x64.ActiveCfg = Release|Any CPU
		{97763CD1-A810-4970-8041-40EF059E4E80}.Ad-Hoc|x64.Build.0 = Release|Any CPU
		{97763CD1-A810-4970-8041-40EF059E4E80}.Ad-Hoc|x86.ActiveCfg = Release|Any CPU
		{97763CD1-A810-4970-8041-40EF059E4E80}.Ad-Hoc|x86.Build.0 = Release|Any CPU
		{97763CD1-A810-4970-8041-40EF059E4E80}.AppStore|Any CPU.ActiveCfg = Release|Any CPU
		{97763CD1-A810-4970-8041-40EF059E4E80}.AppStore|Any CPU.Build.0 = Release|Any CPU
		{97763CD1-A810-4970-8041-40EF059E4E80}.AppStore|ARM.ActiveCfg = Release|Any CPU
		{97763CD1-A810-4970-8041-40EF059E4E80}.AppStore|ARM.Build.0 = Release|Any CPU
		{97763CD1-A810-4970-8041-40EF059E4E80}.AppStore|iPhone.ActiveCfg = Release|Any CPU
		{97763CD1-A810-4970-8041-40EF059E4E80}.AppStore|iPhone.Build.0 = Release|Any CPU
		{97763CD1-A810-4970-8041-40EF059E4E80}.AppStore|iPhoneSimulator.ActiveCfg = Release|Any CPU
		{97763CD1-A810-4970-8041-40EF059E4E80}.AppStore|iPhoneSimulator.Build.0 = Release|Any CPU
		{97763CD1-A810-4970-8041-40EF059E4E80}.AppStore|x64.ActiveCfg = Release|Any CPU
		{97763CD1-A810-4970-8041-40EF059E4E80}.AppStore|x64.Build.0 = Release|Any CPU
		{97763CD1-A810-4970-8041-40EF059E4E80}.AppStore|x86.ActiveCfg = Release|Any CPU
		{97763CD1-A810-4970-8041-40EF059E4E80}.AppStore|x86.Build.0 = Release|Any CPU
		{97763CD1-A810-4970-8041-40EF059E4E80}.Debug|Any CPU.ActiveCfg = Debug|Any CPU
		{97763CD1-A810-4970-8041-40EF059E4E80}.Debug|Any CPU.Build.0 = Debug|Any CPU
		{97763CD1-A810-4970-8041-40EF059E4E80}.Debug|ARM.ActiveCfg = Debug|Any CPU
		{97763CD1-A810-4970-8041-40EF059E4E80}.Debug|ARM.Build.0 = Debug|Any CPU
		{97763CD1-A810-4970-8041-40EF059E4E80}.Debug|iPhone.ActiveCfg = Debug|Any CPU
		{97763CD1-A810-4970-8041-40EF059E4E80}.Debug|iPhone.Build.0 = Debug|Any CPU
		{97763CD1-A810-4970-8041-40EF059E4E80}.Debug|iPhoneSimulator.ActiveCfg = Debug|Any CPU
		{97763CD1-A810-4970-8041-40EF059E4E80}.Debug|iPhoneSimulator.Build.0 = Debug|Any CPU
		{97763CD1-A810-4970-8041-40EF059E4E80}.Debug|x64.ActiveCfg = Debug|Any CPU
		{97763CD1-A810-4970-8041-40EF059E4E80}.Debug|x64.Build.0 = Debug|Any CPU
		{97763CD1-A810-4970-8041-40EF059E4E80}.Debug|x86.ActiveCfg = Debug|Any CPU
		{97763CD1-A810-4970-8041-40EF059E4E80}.Debug|x86.Build.0 = Debug|Any CPU
		{97763CD1-A810-4970-8041-40EF059E4E80}.Release|Any CPU.ActiveCfg = Release|Any CPU
		{97763CD1-A810-4970-8041-40EF059E4E80}.Release|Any CPU.Build.0 = Release|Any CPU
		{97763CD1-A810-4970-8041-40EF059E4E80}.Release|ARM.ActiveCfg = Release|Any CPU
		{97763CD1-A810-4970-8041-40EF059E4E80}.Release|ARM.Build.0 = Release|Any CPU
		{97763CD1-A810-4970-8041-40EF059E4E80}.Release|iPhone.ActiveCfg = Release|Any CPU
		{97763CD1-A810-4970-8041-40EF059E4E80}.Release|iPhone.Build.0 = Release|Any CPU
		{97763CD1-A810-4970-8041-40EF059E4E80}.Release|iPhoneSimulator.ActiveCfg = Release|Any CPU
		{97763CD1-A810-4970-8041-40EF059E4E80}.Release|iPhoneSimulator.Build.0 = Release|Any CPU
		{97763CD1-A810-4970-8041-40EF059E4E80}.Release|x64.ActiveCfg = Release|Any CPU
		{97763CD1-A810-4970-8041-40EF059E4E80}.Release|x64.Build.0 = Release|Any CPU
		{97763CD1-A810-4970-8041-40EF059E4E80}.Release|x86.ActiveCfg = Release|Any CPU
		{97763CD1-A810-4970-8041-40EF059E4E80}.Release|x86.Build.0 = Release|Any CPU
		{F723017D-EDE5-49CC-A84F-881C067C6004}.Ad-Hoc|Any CPU.ActiveCfg = Release|Any CPU
		{F723017D-EDE5-49CC-A84F-881C067C6004}.Ad-Hoc|Any CPU.Build.0 = Release|Any CPU
		{F723017D-EDE5-49CC-A84F-881C067C6004}.Ad-Hoc|ARM.ActiveCfg = Release|Any CPU
		{F723017D-EDE5-49CC-A84F-881C067C6004}.Ad-Hoc|ARM.Build.0 = Release|Any CPU
		{F723017D-EDE5-49CC-A84F-881C067C6004}.Ad-Hoc|iPhone.ActiveCfg = Release|Any CPU
		{F723017D-EDE5-49CC-A84F-881C067C6004}.Ad-Hoc|iPhone.Build.0 = Release|Any CPU
		{F723017D-EDE5-49CC-A84F-881C067C6004}.Ad-Hoc|iPhoneSimulator.ActiveCfg = Release|Any CPU
		{F723017D-EDE5-49CC-A84F-881C067C6004}.Ad-Hoc|iPhoneSimulator.Build.0 = Release|Any CPU
		{F723017D-EDE5-49CC-A84F-881C067C6004}.Ad-Hoc|x64.ActiveCfg = Release|Any CPU
		{F723017D-EDE5-49CC-A84F-881C067C6004}.Ad-Hoc|x64.Build.0 = Release|Any CPU
		{F723017D-EDE5-49CC-A84F-881C067C6004}.Ad-Hoc|x86.ActiveCfg = Release|Any CPU
		{F723017D-EDE5-49CC-A84F-881C067C6004}.Ad-Hoc|x86.Build.0 = Release|Any CPU
		{F723017D-EDE5-49CC-A84F-881C067C6004}.AppStore|Any CPU.ActiveCfg = Release|Any CPU
		{F723017D-EDE5-49CC-A84F-881C067C6004}.AppStore|Any CPU.Build.0 = Release|Any CPU
		{F723017D-EDE5-49CC-A84F-881C067C6004}.AppStore|ARM.ActiveCfg = Release|Any CPU
		{F723017D-EDE5-49CC-A84F-881C067C6004}.AppStore|ARM.Build.0 = Release|Any CPU
		{F723017D-EDE5-49CC-A84F-881C067C6004}.AppStore|iPhone.ActiveCfg = Release|Any CPU
		{F723017D-EDE5-49CC-A84F-881C067C6004}.AppStore|iPhone.Build.0 = Release|Any CPU
		{F723017D-EDE5-49CC-A84F-881C067C6004}.AppStore|iPhoneSimulator.ActiveCfg = Release|Any CPU
		{F723017D-EDE5-49CC-A84F-881C067C6004}.AppStore|iPhoneSimulator.Build.0 = Release|Any CPU
		{F723017D-EDE5-49CC-A84F-881C067C6004}.AppStore|x64.ActiveCfg = Release|Any CPU
		{F723017D-EDE5-49CC-A84F-881C067C6004}.AppStore|x64.Build.0 = Release|Any CPU
		{F723017D-EDE5-49CC-A84F-881C067C6004}.AppStore|x86.ActiveCfg = Release|Any CPU
		{F723017D-EDE5-49CC-A84F-881C067C6004}.AppStore|x86.Build.0 = Release|Any CPU
		{F723017D-EDE5-49CC-A84F-881C067C6004}.Debug|Any CPU.ActiveCfg = Debug|Any CPU
		{F723017D-EDE5-49CC-A84F-881C067C6004}.Debug|Any CPU.Build.0 = Debug|Any CPU
		{F723017D-EDE5-49CC-A84F-881C067C6004}.Debug|ARM.ActiveCfg = Debug|Any CPU
		{F723017D-EDE5-49CC-A84F-881C067C6004}.Debug|ARM.Build.0 = Debug|Any CPU
		{F723017D-EDE5-49CC-A84F-881C067C6004}.Debug|iPhone.ActiveCfg = Debug|Any CPU
		{F723017D-EDE5-49CC-A84F-881C067C6004}.Debug|iPhone.Build.0 = Debug|Any CPU
		{F723017D-EDE5-49CC-A84F-881C067C6004}.Debug|iPhoneSimulator.ActiveCfg = Debug|Any CPU
		{F723017D-EDE5-49CC-A84F-881C067C6004}.Debug|iPhoneSimulator.Build.0 = Debug|Any CPU
		{F723017D-EDE5-49CC-A84F-881C067C6004}.Debug|x64.ActiveCfg = Debug|Any CPU
		{F723017D-EDE5-49CC-A84F-881C067C6004}.Debug|x64.Build.0 = Debug|Any CPU
		{F723017D-EDE5-49CC-A84F-881C067C6004}.Debug|x86.ActiveCfg = Debug|Any CPU
		{F723017D-EDE5-49CC-A84F-881C067C6004}.Debug|x86.Build.0 = Debug|Any CPU
		{F723017D-EDE5-49CC-A84F-881C067C6004}.Release|Any CPU.ActiveCfg = Release|Any CPU
		{F723017D-EDE5-49CC-A84F-881C067C6004}.Release|Any CPU.Build.0 = Release|Any CPU
		{F723017D-EDE5-49CC-A84F-881C067C6004}.Release|ARM.ActiveCfg = Release|Any CPU
		{F723017D-EDE5-49CC-A84F-881C067C6004}.Release|ARM.Build.0 = Release|Any CPU
		{F723017D-EDE5-49CC-A84F-881C067C6004}.Release|iPhone.ActiveCfg = Release|Any CPU
		{F723017D-EDE5-49CC-A84F-881C067C6004}.Release|iPhone.Build.0 = Release|Any CPU
		{F723017D-EDE5-49CC-A84F-881C067C6004}.Release|iPhoneSimulator.ActiveCfg = Release|Any CPU
		{F723017D-EDE5-49CC-A84F-881C067C6004}.Release|iPhoneSimulator.Build.0 = Release|Any CPU
		{F723017D-EDE5-49CC-A84F-881C067C6004}.Release|x64.ActiveCfg = Release|Any CPU
		{F723017D-EDE5-49CC-A84F-881C067C6004}.Release|x64.Build.0 = Release|Any CPU
		{F723017D-EDE5-49CC-A84F-881C067C6004}.Release|x86.ActiveCfg = Release|Any CPU
		{F723017D-EDE5-49CC-A84F-881C067C6004}.Release|x86.Build.0 = Release|Any CPU
		{F206CA90-929F-4C1B-888A-5FAF6EE67D3C}.Ad-Hoc|Any CPU.ActiveCfg = Release|Any CPU
		{F206CA90-929F-4C1B-888A-5FAF6EE67D3C}.Ad-Hoc|Any CPU.Build.0 = Release|Any CPU
		{F206CA90-929F-4C1B-888A-5FAF6EE67D3C}.Ad-Hoc|ARM.ActiveCfg = Release|Any CPU
		{F206CA90-929F-4C1B-888A-5FAF6EE67D3C}.Ad-Hoc|ARM.Build.0 = Release|Any CPU
		{F206CA90-929F-4C1B-888A-5FAF6EE67D3C}.Ad-Hoc|iPhone.ActiveCfg = Release|Any CPU
		{F206CA90-929F-4C1B-888A-5FAF6EE67D3C}.Ad-Hoc|iPhone.Build.0 = Release|Any CPU
		{F206CA90-929F-4C1B-888A-5FAF6EE67D3C}.Ad-Hoc|iPhoneSimulator.ActiveCfg = Release|Any CPU
		{F206CA90-929F-4C1B-888A-5FAF6EE67D3C}.Ad-Hoc|iPhoneSimulator.Build.0 = Release|Any CPU
		{F206CA90-929F-4C1B-888A-5FAF6EE67D3C}.Ad-Hoc|x64.ActiveCfg = Release|Any CPU
		{F206CA90-929F-4C1B-888A-5FAF6EE67D3C}.Ad-Hoc|x64.Build.0 = Release|Any CPU
		{F206CA90-929F-4C1B-888A-5FAF6EE67D3C}.Ad-Hoc|x86.ActiveCfg = Release|Any CPU
		{F206CA90-929F-4C1B-888A-5FAF6EE67D3C}.Ad-Hoc|x86.Build.0 = Release|Any CPU
		{F206CA90-929F-4C1B-888A-5FAF6EE67D3C}.AppStore|Any CPU.ActiveCfg = Release|Any CPU
		{F206CA90-929F-4C1B-888A-5FAF6EE67D3C}.AppStore|Any CPU.Build.0 = Release|Any CPU
		{F206CA90-929F-4C1B-888A-5FAF6EE67D3C}.AppStore|ARM.ActiveCfg = Release|Any CPU
		{F206CA90-929F-4C1B-888A-5FAF6EE67D3C}.AppStore|ARM.Build.0 = Release|Any CPU
		{F206CA90-929F-4C1B-888A-5FAF6EE67D3C}.AppStore|iPhone.ActiveCfg = Release|Any CPU
		{F206CA90-929F-4C1B-888A-5FAF6EE67D3C}.AppStore|iPhone.Build.0 = Release|Any CPU
		{F206CA90-929F-4C1B-888A-5FAF6EE67D3C}.AppStore|iPhoneSimulator.ActiveCfg = Release|Any CPU
		{F206CA90-929F-4C1B-888A-5FAF6EE67D3C}.AppStore|iPhoneSimulator.Build.0 = Release|Any CPU
		{F206CA90-929F-4C1B-888A-5FAF6EE67D3C}.AppStore|x64.ActiveCfg = Release|Any CPU
		{F206CA90-929F-4C1B-888A-5FAF6EE67D3C}.AppStore|x64.Build.0 = Release|Any CPU
		{F206CA90-929F-4C1B-888A-5FAF6EE67D3C}.AppStore|x86.ActiveCfg = Release|Any CPU
		{F206CA90-929F-4C1B-888A-5FAF6EE67D3C}.AppStore|x86.Build.0 = Release|Any CPU
		{F206CA90-929F-4C1B-888A-5FAF6EE67D3C}.Debug|Any CPU.ActiveCfg = Debug|Any CPU
		{F206CA90-929F-4C1B-888A-5FAF6EE67D3C}.Debug|Any CPU.Build.0 = Debug|Any CPU
		{F206CA90-929F-4C1B-888A-5FAF6EE67D3C}.Debug|ARM.ActiveCfg = Debug|Any CPU
		{F206CA90-929F-4C1B-888A-5FAF6EE67D3C}.Debug|ARM.Build.0 = Debug|Any CPU
		{F206CA90-929F-4C1B-888A-5FAF6EE67D3C}.Debug|iPhone.ActiveCfg = Debug|Any CPU
		{F206CA90-929F-4C1B-888A-5FAF6EE67D3C}.Debug|iPhone.Build.0 = Debug|Any CPU
		{F206CA90-929F-4C1B-888A-5FAF6EE67D3C}.Debug|iPhoneSimulator.ActiveCfg = Debug|Any CPU
		{F206CA90-929F-4C1B-888A-5FAF6EE67D3C}.Debug|iPhoneSimulator.Build.0 = Debug|Any CPU
		{F206CA90-929F-4C1B-888A-5FAF6EE67D3C}.Debug|x64.ActiveCfg = Debug|Any CPU
		{F206CA90-929F-4C1B-888A-5FAF6EE67D3C}.Debug|x64.Build.0 = Debug|Any CPU
		{F206CA90-929F-4C1B-888A-5FAF6EE67D3C}.Debug|x86.ActiveCfg = Debug|Any CPU
		{F206CA90-929F-4C1B-888A-5FAF6EE67D3C}.Debug|x86.Build.0 = Debug|Any CPU
		{F206CA90-929F-4C1B-888A-5FAF6EE67D3C}.Release|Any CPU.ActiveCfg = Release|Any CPU
		{F206CA90-929F-4C1B-888A-5FAF6EE67D3C}.Release|Any CPU.Build.0 = Release|Any CPU
		{F206CA90-929F-4C1B-888A-5FAF6EE67D3C}.Release|ARM.ActiveCfg = Release|Any CPU
		{F206CA90-929F-4C1B-888A-5FAF6EE67D3C}.Release|ARM.Build.0 = Release|Any CPU
		{F206CA90-929F-4C1B-888A-5FAF6EE67D3C}.Release|iPhone.ActiveCfg = Release|Any CPU
		{F206CA90-929F-4C1B-888A-5FAF6EE67D3C}.Release|iPhone.Build.0 = Release|Any CPU
		{F206CA90-929F-4C1B-888A-5FAF6EE67D3C}.Release|iPhoneSimulator.ActiveCfg = Release|Any CPU
		{F206CA90-929F-4C1B-888A-5FAF6EE67D3C}.Release|iPhoneSimulator.Build.0 = Release|Any CPU
		{F206CA90-929F-4C1B-888A-5FAF6EE67D3C}.Release|x64.ActiveCfg = Release|Any CPU
		{F206CA90-929F-4C1B-888A-5FAF6EE67D3C}.Release|x64.Build.0 = Release|Any CPU
		{F206CA90-929F-4C1B-888A-5FAF6EE67D3C}.Release|x86.ActiveCfg = Release|Any CPU
		{F206CA90-929F-4C1B-888A-5FAF6EE67D3C}.Release|x86.Build.0 = Release|Any CPU
		{88B67EA1-D3BF-49C6-B040-B7C84D22F6AB}.Ad-Hoc|Any CPU.ActiveCfg = Release|Any CPU
		{88B67EA1-D3BF-49C6-B040-B7C84D22F6AB}.Ad-Hoc|Any CPU.Build.0 = Release|Any CPU
		{88B67EA1-D3BF-49C6-B040-B7C84D22F6AB}.Ad-Hoc|ARM.ActiveCfg = Release|Any CPU
		{88B67EA1-D3BF-49C6-B040-B7C84D22F6AB}.Ad-Hoc|ARM.Build.0 = Release|Any CPU
		{88B67EA1-D3BF-49C6-B040-B7C84D22F6AB}.Ad-Hoc|iPhone.ActiveCfg = Release|Any CPU
		{88B67EA1-D3BF-49C6-B040-B7C84D22F6AB}.Ad-Hoc|iPhone.Build.0 = Release|Any CPU
		{88B67EA1-D3BF-49C6-B040-B7C84D22F6AB}.Ad-Hoc|iPhoneSimulator.ActiveCfg = Release|Any CPU
		{88B67EA1-D3BF-49C6-B040-B7C84D22F6AB}.Ad-Hoc|iPhoneSimulator.Build.0 = Release|Any CPU
		{88B67EA1-D3BF-49C6-B040-B7C84D22F6AB}.Ad-Hoc|x64.ActiveCfg = Release|Any CPU
		{88B67EA1-D3BF-49C6-B040-B7C84D22F6AB}.Ad-Hoc|x64.Build.0 = Release|Any CPU
		{88B67EA1-D3BF-49C6-B040-B7C84D22F6AB}.Ad-Hoc|x86.ActiveCfg = Release|Any CPU
		{88B67EA1-D3BF-49C6-B040-B7C84D22F6AB}.Ad-Hoc|x86.Build.0 = Release|Any CPU
		{88B67EA1-D3BF-49C6-B040-B7C84D22F6AB}.AppStore|Any CPU.ActiveCfg = Release|Any CPU
		{88B67EA1-D3BF-49C6-B040-B7C84D22F6AB}.AppStore|Any CPU.Build.0 = Release|Any CPU
		{88B67EA1-D3BF-49C6-B040-B7C84D22F6AB}.AppStore|ARM.ActiveCfg = Release|Any CPU
		{88B67EA1-D3BF-49C6-B040-B7C84D22F6AB}.AppStore|ARM.Build.0 = Release|Any CPU
		{88B67EA1-D3BF-49C6-B040-B7C84D22F6AB}.AppStore|iPhone.ActiveCfg = Release|Any CPU
		{88B67EA1-D3BF-49C6-B040-B7C84D22F6AB}.AppStore|iPhone.Build.0 = Release|Any CPU
		{88B67EA1-D3BF-49C6-B040-B7C84D22F6AB}.AppStore|iPhoneSimulator.ActiveCfg = Release|Any CPU
		{88B67EA1-D3BF-49C6-B040-B7C84D22F6AB}.AppStore|iPhoneSimulator.Build.0 = Release|Any CPU
		{88B67EA1-D3BF-49C6-B040-B7C84D22F6AB}.AppStore|x64.ActiveCfg = Release|Any CPU
		{88B67EA1-D3BF-49C6-B040-B7C84D22F6AB}.AppStore|x64.Build.0 = Release|Any CPU
		{88B67EA1-D3BF-49C6-B040-B7C84D22F6AB}.AppStore|x86.ActiveCfg = Release|Any CPU
		{88B67EA1-D3BF-49C6-B040-B7C84D22F6AB}.AppStore|x86.Build.0 = Release|Any CPU
		{88B67EA1-D3BF-49C6-B040-B7C84D22F6AB}.Debug|Any CPU.ActiveCfg = Debug|Any CPU
		{88B67EA1-D3BF-49C6-B040-B7C84D22F6AB}.Debug|Any CPU.Build.0 = Debug|Any CPU
		{88B67EA1-D3BF-49C6-B040-B7C84D22F6AB}.Debug|ARM.ActiveCfg = Debug|Any CPU
		{88B67EA1-D3BF-49C6-B040-B7C84D22F6AB}.Debug|ARM.Build.0 = Debug|Any CPU
		{88B67EA1-D3BF-49C6-B040-B7C84D22F6AB}.Debug|iPhone.ActiveCfg = Debug|Any CPU
		{88B67EA1-D3BF-49C6-B040-B7C84D22F6AB}.Debug|iPhone.Build.0 = Debug|Any CPU
		{88B67EA1-D3BF-49C6-B040-B7C84D22F6AB}.Debug|iPhoneSimulator.ActiveCfg = Debug|Any CPU
		{88B67EA1-D3BF-49C6-B040-B7C84D22F6AB}.Debug|iPhoneSimulator.Build.0 = Debug|Any CPU
		{88B67EA1-D3BF-49C6-B040-B7C84D22F6AB}.Debug|x64.ActiveCfg = Debug|Any CPU
		{88B67EA1-D3BF-49C6-B040-B7C84D22F6AB}.Debug|x64.Build.0 = Debug|Any CPU
		{88B67EA1-D3BF-49C6-B040-B7C84D22F6AB}.Debug|x86.ActiveCfg = Debug|Any CPU
		{88B67EA1-D3BF-49C6-B040-B7C84D22F6AB}.Debug|x86.Build.0 = Debug|Any CPU
		{88B67EA1-D3BF-49C6-B040-B7C84D22F6AB}.Release|Any CPU.ActiveCfg = Release|Any CPU
		{88B67EA1-D3BF-49C6-B040-B7C84D22F6AB}.Release|Any CPU.Build.0 = Release|Any CPU
		{88B67EA1-D3BF-49C6-B040-B7C84D22F6AB}.Release|ARM.ActiveCfg = Release|Any CPU
		{88B67EA1-D3BF-49C6-B040-B7C84D22F6AB}.Release|ARM.Build.0 = Release|Any CPU
		{88B67EA1-D3BF-49C6-B040-B7C84D22F6AB}.Release|iPhone.ActiveCfg = Release|Any CPU
		{88B67EA1-D3BF-49C6-B040-B7C84D22F6AB}.Release|iPhone.Build.0 = Release|Any CPU
		{88B67EA1-D3BF-49C6-B040-B7C84D22F6AB}.Release|iPhoneSimulator.ActiveCfg = Release|Any CPU
		{88B67EA1-D3BF-49C6-B040-B7C84D22F6AB}.Release|iPhoneSimulator.Build.0 = Release|Any CPU
		{88B67EA1-D3BF-49C6-B040-B7C84D22F6AB}.Release|x64.ActiveCfg = Release|Any CPU
		{88B67EA1-D3BF-49C6-B040-B7C84D22F6AB}.Release|x64.Build.0 = Release|Any CPU
		{88B67EA1-D3BF-49C6-B040-B7C84D22F6AB}.Release|x86.ActiveCfg = Release|Any CPU
		{88B67EA1-D3BF-49C6-B040-B7C84D22F6AB}.Release|x86.Build.0 = Release|Any CPU
		{356F9318-0EA8-4070-8EB5-8089212AFFDB}.Ad-Hoc|Any CPU.ActiveCfg = Release|Any CPU
		{356F9318-0EA8-4070-8EB5-8089212AFFDB}.Ad-Hoc|Any CPU.Build.0 = Release|Any CPU
		{356F9318-0EA8-4070-8EB5-8089212AFFDB}.Ad-Hoc|Any CPU.Deploy.0 = Release|Any CPU
		{356F9318-0EA8-4070-8EB5-8089212AFFDB}.Ad-Hoc|ARM.ActiveCfg = Release|Any CPU
		{356F9318-0EA8-4070-8EB5-8089212AFFDB}.Ad-Hoc|ARM.Build.0 = Release|Any CPU
		{356F9318-0EA8-4070-8EB5-8089212AFFDB}.Ad-Hoc|ARM.Deploy.0 = Release|Any CPU
		{356F9318-0EA8-4070-8EB5-8089212AFFDB}.Ad-Hoc|iPhone.ActiveCfg = Release|Any CPU
		{356F9318-0EA8-4070-8EB5-8089212AFFDB}.Ad-Hoc|iPhone.Build.0 = Release|Any CPU
		{356F9318-0EA8-4070-8EB5-8089212AFFDB}.Ad-Hoc|iPhone.Deploy.0 = Release|Any CPU
		{356F9318-0EA8-4070-8EB5-8089212AFFDB}.Ad-Hoc|iPhoneSimulator.ActiveCfg = Release|Any CPU
		{356F9318-0EA8-4070-8EB5-8089212AFFDB}.Ad-Hoc|iPhoneSimulator.Build.0 = Release|Any CPU
		{356F9318-0EA8-4070-8EB5-8089212AFFDB}.Ad-Hoc|iPhoneSimulator.Deploy.0 = Release|Any CPU
		{356F9318-0EA8-4070-8EB5-8089212AFFDB}.Ad-Hoc|x64.ActiveCfg = Release|Any CPU
		{356F9318-0EA8-4070-8EB5-8089212AFFDB}.Ad-Hoc|x64.Build.0 = Release|Any CPU
		{356F9318-0EA8-4070-8EB5-8089212AFFDB}.Ad-Hoc|x64.Deploy.0 = Release|Any CPU
		{356F9318-0EA8-4070-8EB5-8089212AFFDB}.Ad-Hoc|x86.ActiveCfg = Release|Any CPU
		{356F9318-0EA8-4070-8EB5-8089212AFFDB}.Ad-Hoc|x86.Build.0 = Release|Any CPU
		{356F9318-0EA8-4070-8EB5-8089212AFFDB}.Ad-Hoc|x86.Deploy.0 = Release|Any CPU
		{356F9318-0EA8-4070-8EB5-8089212AFFDB}.AppStore|Any CPU.ActiveCfg = Release|Any CPU
		{356F9318-0EA8-4070-8EB5-8089212AFFDB}.AppStore|Any CPU.Build.0 = Release|Any CPU
		{356F9318-0EA8-4070-8EB5-8089212AFFDB}.AppStore|Any CPU.Deploy.0 = Release|Any CPU
		{356F9318-0EA8-4070-8EB5-8089212AFFDB}.AppStore|ARM.ActiveCfg = Release|Any CPU
		{356F9318-0EA8-4070-8EB5-8089212AFFDB}.AppStore|ARM.Build.0 = Release|Any CPU
		{356F9318-0EA8-4070-8EB5-8089212AFFDB}.AppStore|ARM.Deploy.0 = Release|Any CPU
		{356F9318-0EA8-4070-8EB5-8089212AFFDB}.AppStore|iPhone.ActiveCfg = Release|Any CPU
		{356F9318-0EA8-4070-8EB5-8089212AFFDB}.AppStore|iPhone.Build.0 = Release|Any CPU
		{356F9318-0EA8-4070-8EB5-8089212AFFDB}.AppStore|iPhone.Deploy.0 = Release|Any CPU
		{356F9318-0EA8-4070-8EB5-8089212AFFDB}.AppStore|iPhoneSimulator.ActiveCfg = Release|Any CPU
		{356F9318-0EA8-4070-8EB5-8089212AFFDB}.AppStore|iPhoneSimulator.Build.0 = Release|Any CPU
		{356F9318-0EA8-4070-8EB5-8089212AFFDB}.AppStore|iPhoneSimulator.Deploy.0 = Release|Any CPU
		{356F9318-0EA8-4070-8EB5-8089212AFFDB}.AppStore|x64.ActiveCfg = Release|Any CPU
		{356F9318-0EA8-4070-8EB5-8089212AFFDB}.AppStore|x64.Build.0 = Release|Any CPU
		{356F9318-0EA8-4070-8EB5-8089212AFFDB}.AppStore|x64.Deploy.0 = Release|Any CPU
		{356F9318-0EA8-4070-8EB5-8089212AFFDB}.AppStore|x86.ActiveCfg = Release|Any CPU
		{356F9318-0EA8-4070-8EB5-8089212AFFDB}.AppStore|x86.Build.0 = Release|Any CPU
		{356F9318-0EA8-4070-8EB5-8089212AFFDB}.AppStore|x86.Deploy.0 = Release|Any CPU
		{356F9318-0EA8-4070-8EB5-8089212AFFDB}.Debug|Any CPU.ActiveCfg = Debug|Any CPU
		{356F9318-0EA8-4070-8EB5-8089212AFFDB}.Debug|Any CPU.Build.0 = Debug|Any CPU
		{356F9318-0EA8-4070-8EB5-8089212AFFDB}.Debug|Any CPU.Deploy.0 = Debug|Any CPU
		{356F9318-0EA8-4070-8EB5-8089212AFFDB}.Debug|ARM.ActiveCfg = Debug|Any CPU
		{356F9318-0EA8-4070-8EB5-8089212AFFDB}.Debug|ARM.Build.0 = Debug|Any CPU
		{356F9318-0EA8-4070-8EB5-8089212AFFDB}.Debug|ARM.Deploy.0 = Debug|Any CPU
		{356F9318-0EA8-4070-8EB5-8089212AFFDB}.Debug|iPhone.ActiveCfg = Debug|Any CPU
		{356F9318-0EA8-4070-8EB5-8089212AFFDB}.Debug|iPhone.Build.0 = Debug|Any CPU
		{356F9318-0EA8-4070-8EB5-8089212AFFDB}.Debug|iPhone.Deploy.0 = Debug|Any CPU
		{356F9318-0EA8-4070-8EB5-8089212AFFDB}.Debug|iPhoneSimulator.ActiveCfg = Debug|Any CPU
		{356F9318-0EA8-4070-8EB5-8089212AFFDB}.Debug|iPhoneSimulator.Build.0 = Debug|Any CPU
		{356F9318-0EA8-4070-8EB5-8089212AFFDB}.Debug|iPhoneSimulator.Deploy.0 = Debug|Any CPU
		{356F9318-0EA8-4070-8EB5-8089212AFFDB}.Debug|x64.ActiveCfg = Debug|Any CPU
		{356F9318-0EA8-4070-8EB5-8089212AFFDB}.Debug|x64.Build.0 = Debug|Any CPU
		{356F9318-0EA8-4070-8EB5-8089212AFFDB}.Debug|x64.Deploy.0 = Debug|Any CPU
		{356F9318-0EA8-4070-8EB5-8089212AFFDB}.Debug|x86.ActiveCfg = Debug|Any CPU
		{356F9318-0EA8-4070-8EB5-8089212AFFDB}.Debug|x86.Build.0 = Debug|Any CPU
		{356F9318-0EA8-4070-8EB5-8089212AFFDB}.Debug|x86.Deploy.0 = Debug|Any CPU
		{356F9318-0EA8-4070-8EB5-8089212AFFDB}.Release|Any CPU.ActiveCfg = Release|Any CPU
		{356F9318-0EA8-4070-8EB5-8089212AFFDB}.Release|Any CPU.Build.0 = Release|Any CPU
		{356F9318-0EA8-4070-8EB5-8089212AFFDB}.Release|Any CPU.Deploy.0 = Release|Any CPU
		{356F9318-0EA8-4070-8EB5-8089212AFFDB}.Release|ARM.ActiveCfg = Release|Any CPU
		{356F9318-0EA8-4070-8EB5-8089212AFFDB}.Release|ARM.Build.0 = Release|Any CPU
		{356F9318-0EA8-4070-8EB5-8089212AFFDB}.Release|ARM.Deploy.0 = Release|Any CPU
		{356F9318-0EA8-4070-8EB5-8089212AFFDB}.Release|iPhone.ActiveCfg = Release|Any CPU
		{356F9318-0EA8-4070-8EB5-8089212AFFDB}.Release|iPhone.Build.0 = Release|Any CPU
		{356F9318-0EA8-4070-8EB5-8089212AFFDB}.Release|iPhone.Deploy.0 = Release|Any CPU
		{356F9318-0EA8-4070-8EB5-8089212AFFDB}.Release|iPhoneSimulator.ActiveCfg = Release|Any CPU
		{356F9318-0EA8-4070-8EB5-8089212AFFDB}.Release|iPhoneSimulator.Build.0 = Release|Any CPU
		{356F9318-0EA8-4070-8EB5-8089212AFFDB}.Release|iPhoneSimulator.Deploy.0 = Release|Any CPU
		{356F9318-0EA8-4070-8EB5-8089212AFFDB}.Release|x64.ActiveCfg = Release|Any CPU
		{356F9318-0EA8-4070-8EB5-8089212AFFDB}.Release|x64.Build.0 = Release|Any CPU
		{356F9318-0EA8-4070-8EB5-8089212AFFDB}.Release|x64.Deploy.0 = Release|Any CPU
		{356F9318-0EA8-4070-8EB5-8089212AFFDB}.Release|x86.ActiveCfg = Release|Any CPU
		{356F9318-0EA8-4070-8EB5-8089212AFFDB}.Release|x86.Build.0 = Release|Any CPU
		{356F9318-0EA8-4070-8EB5-8089212AFFDB}.Release|x86.Deploy.0 = Release|Any CPU
		{D8345E28-D19A-45E8-8FD8-18DDB7881DCF}.Ad-Hoc|Any CPU.ActiveCfg = Ad-Hoc|iPhone
		{D8345E28-D19A-45E8-8FD8-18DDB7881DCF}.Ad-Hoc|ARM.ActiveCfg = Ad-Hoc|iPhone
		{D8345E28-D19A-45E8-8FD8-18DDB7881DCF}.Ad-Hoc|iPhone.ActiveCfg = Ad-Hoc|iPhone
		{D8345E28-D19A-45E8-8FD8-18DDB7881DCF}.Ad-Hoc|iPhone.Build.0 = Ad-Hoc|iPhone
		{D8345E28-D19A-45E8-8FD8-18DDB7881DCF}.Ad-Hoc|iPhoneSimulator.ActiveCfg = Ad-Hoc|iPhoneSimulator
		{D8345E28-D19A-45E8-8FD8-18DDB7881DCF}.Ad-Hoc|iPhoneSimulator.Build.0 = Ad-Hoc|iPhoneSimulator
		{D8345E28-D19A-45E8-8FD8-18DDB7881DCF}.Ad-Hoc|x64.ActiveCfg = Ad-Hoc|iPhone
		{D8345E28-D19A-45E8-8FD8-18DDB7881DCF}.Ad-Hoc|x86.ActiveCfg = Ad-Hoc|iPhone
		{D8345E28-D19A-45E8-8FD8-18DDB7881DCF}.AppStore|Any CPU.ActiveCfg = AppStore|iPhone
		{D8345E28-D19A-45E8-8FD8-18DDB7881DCF}.AppStore|ARM.ActiveCfg = AppStore|iPhone
		{D8345E28-D19A-45E8-8FD8-18DDB7881DCF}.AppStore|iPhone.ActiveCfg = AppStore|iPhone
		{D8345E28-D19A-45E8-8FD8-18DDB7881DCF}.AppStore|iPhone.Build.0 = AppStore|iPhone
		{D8345E28-D19A-45E8-8FD8-18DDB7881DCF}.AppStore|iPhoneSimulator.ActiveCfg = AppStore|iPhoneSimulator
		{D8345E28-D19A-45E8-8FD8-18DDB7881DCF}.AppStore|iPhoneSimulator.Build.0 = AppStore|iPhoneSimulator
		{D8345E28-D19A-45E8-8FD8-18DDB7881DCF}.AppStore|x64.ActiveCfg = AppStore|iPhone
		{D8345E28-D19A-45E8-8FD8-18DDB7881DCF}.AppStore|x86.ActiveCfg = AppStore|iPhone
		{D8345E28-D19A-45E8-8FD8-18DDB7881DCF}.Debug|Any CPU.ActiveCfg = Debug|iPhone
		{D8345E28-D19A-45E8-8FD8-18DDB7881DCF}.Debug|ARM.ActiveCfg = Debug|iPhone
		{D8345E28-D19A-45E8-8FD8-18DDB7881DCF}.Debug|iPhone.ActiveCfg = Debug|iPhone
		{D8345E28-D19A-45E8-8FD8-18DDB7881DCF}.Debug|iPhone.Build.0 = Debug|iPhone
		{D8345E28-D19A-45E8-8FD8-18DDB7881DCF}.Debug|iPhoneSimulator.ActiveCfg = Debug|iPhoneSimulator
		{D8345E28-D19A-45E8-8FD8-18DDB7881DCF}.Debug|iPhoneSimulator.Build.0 = Debug|iPhoneSimulator
		{D8345E28-D19A-45E8-8FD8-18DDB7881DCF}.Debug|x64.ActiveCfg = Debug|iPhone
		{D8345E28-D19A-45E8-8FD8-18DDB7881DCF}.Debug|x86.ActiveCfg = Debug|iPhone
		{D8345E28-D19A-45E8-8FD8-18DDB7881DCF}.Release|Any CPU.ActiveCfg = Release|iPhone
		{D8345E28-D19A-45E8-8FD8-18DDB7881DCF}.Release|ARM.ActiveCfg = Release|iPhone
		{D8345E28-D19A-45E8-8FD8-18DDB7881DCF}.Release|iPhone.ActiveCfg = Release|iPhone
		{D8345E28-D19A-45E8-8FD8-18DDB7881DCF}.Release|iPhone.Build.0 = Release|iPhone
		{D8345E28-D19A-45E8-8FD8-18DDB7881DCF}.Release|iPhoneSimulator.ActiveCfg = Release|iPhoneSimulator
		{D8345E28-D19A-45E8-8FD8-18DDB7881DCF}.Release|iPhoneSimulator.Build.0 = Release|iPhoneSimulator
		{D8345E28-D19A-45E8-8FD8-18DDB7881DCF}.Release|x64.ActiveCfg = Release|iPhone
		{D8345E28-D19A-45E8-8FD8-18DDB7881DCF}.Release|x86.ActiveCfg = Release|iPhone
	EndGlobalSection
	GlobalSection(SolutionProperties) = preSolution
		HideSolutionNode = FALSE
	EndGlobalSection
	GlobalSection(NestedProjects) = preSolution
		{0C23A5DF-4369-4BA5-BA0B-E5687A06E9F0} = {AB5FC8C5-8BFF-42D4-B1A6-E0EACD98BACC}
		{97763CD1-A810-4970-8041-40EF059E4E80} = {07C954A4-9BAE-4A98-9F55-792C2C6C26C2}
		{F723017D-EDE5-49CC-A84F-881C067C6004} = {81B9DDCA-DD70-4D35-8180-8F3645674EB8}
		{F206CA90-929F-4C1B-888A-5FAF6EE67D3C} = {81B9DDCA-DD70-4D35-8180-8F3645674EB8}
		{356F9318-0EA8-4070-8EB5-8089212AFFDB} = {AB5FC8C5-8BFF-42D4-B1A6-E0EACD98BACC}
		{D8345E28-D19A-45E8-8FD8-18DDB7881DCF} = {AB5FC8C5-8BFF-42D4-B1A6-E0EACD98BACC}
	EndGlobalSection
EndGlobal
